
Microsoft Visual Studio Solution File, Format Version 12.00
# Visual Studio Version 17
VisualStudioVersion = 17.2.32602.215
MinimumVisualStudioVersion = 10.0.40219.1
Project("{FAE04EC0-301F-11D3-BF4B-00C04F79EFBC}") = "pr5n1", "pr5n1.csproj", "{53AD7E6E-38AA-447B-86D0-E75C6342731B}"
EndProject
Global
	GlobalSection(SolutionConfigurationPlatforms) = preSolution
		Debug|Any CPU = Debug|Any CPU
		Release|Any CPU = Release|Any CPU
	EndGlobalSection
	GlobalSection(ProjectConfigurationPlatforms) = postSolution
		{53AD7E6E-38AA-447B-86D0-E75C6342731B}.Debug|Any CPU.ActiveCfg = Debug|Any CPU
		{53AD7E6E-38AA-447B-86D0-E75C6342731B}.Debug|Any CPU.Build.0 = Debug|Any CPU
		{53AD7E6E-38AA-447B-86D0-E75C6342731B}.Release|Any CPU.ActiveCfg = Release|Any CPU
		{53AD7E6E-38AA-447B-86D0-E75C6342731B}.Release|Any CPU.Build.0 = Release|Any CPU
	EndGlobalSection
	GlobalSection(SolutionProperties) = preSolution
		HideSolutionNode = FALSE
	EndGlobalSection
	GlobalSection(ExtensibilityGlobals) = postSolution
		SolutionGuid = {F20B9AEA-6D57-49CC-A4EC-5C319FC6BB17}
	EndGlobalSection
EndGlobal
