
Microsoft Visual Studio Solution File, Format Version 12.00
# Visual Studio Version 17
VisualStudioVersion = 17.2.32602.215
MinimumVisualStudioVersion = 10.0.40219.1
Project("{FAE04EC0-301F-11D3-BF4B-00C04F79EFBC}") = "pr4n2", "pr4n2.csproj", "{2E755C82-E194-4F50-87EB-0EF1D08C4242}"
EndProject
Global
	GlobalSection(SolutionConfigurationPlatforms) = preSolution
		Debug|Any CPU = Debug|Any CPU
		Release|Any CPU = Release|Any CPU
	EndGlobalSection
	GlobalSection(ProjectConfigurationPlatforms) = postSolution
		{2E755C82-E194-4F50-87EB-0EF1D08C4242}.Debug|Any CPU.ActiveCfg = Debug|Any CPU
		{2E755C82-E194-4F50-87EB-0EF1D08C4242}.Debug|Any CPU.Build.0 = Debug|Any CPU
		{2E755C82-E194-4F50-87EB-0EF1D08C4242}.Release|Any CPU.ActiveCfg = Release|Any CPU
		{2E755C82-E194-4F50-87EB-0EF1D08C4242}.Release|Any CPU.Build.0 = Release|Any CPU
	EndGlobalSection
	GlobalSection(SolutionProperties) = preSolution
		HideSolutionNode = FALSE
	EndGlobalSection
	GlobalSection(ExtensibilityGlobals) = postSolution
		SolutionGuid = {0923A735-038C-41A0-A7BF-63811A6F1265}
	EndGlobalSection
EndGlobal
