
Microsoft Visual Studio Solution File, Format Version 12.00
# Visual Studio Version 16
VisualStudioVersion = 16.0.29403.142
MinimumVisualStudioVersion = 10.0.40219.1
Project("{FAE04EC0-301F-11D3-BF4B-00C04F79EFBC}") = "ConsoleApp168", "ConsoleApp168\ConsoleApp168.csproj", "{DC401BE7-9731-4C85-96E3-F2815A4B542E}"
EndProject
Global
	GlobalSection(SolutionConfigurationPlatforms) = preSolution
		Debug|Any CPU = Debug|Any CPU
		Release|Any CPU = Release|Any CPU
	EndGlobalSection
	GlobalSection(ProjectConfigurationPlatforms) = postSolution
		{DC401BE7-9731-4C85-96E3-F2815A4B542E}.Debug|Any CPU.ActiveCfg = Debug|Any CPU
		{DC401BE7-9731-4C85-96E3-F2815A4B542E}.Debug|Any CPU.Build.0 = Debug|Any CPU
		{DC401BE7-9731-4C85-96E3-F2815A4B542E}.Release|Any CPU.ActiveCfg = Release|Any CPU
		{DC401BE7-9731-4C85-96E3-F2815A4B542E}.Release|Any CPU.Build.0 = Release|Any CPU
	EndGlobalSection
	GlobalSection(SolutionProperties) = preSolution
		HideSolutionNode = FALSE
	EndGlobalSection
	GlobalSection(ExtensibilityGlobals) = postSolution
		SolutionGuid = {7301DB92-BF04-4F99-8427-F739C12BFD05}
	EndGlobalSection
EndGlobal
